
Microsoft Visual Studio Solution File, Format Version 12.00
# Visual Studio 15
VisualStudioVersion = 15.0.28307.1300
MinimumVisualStudioVersion = 10.0.40219.1
Project("{FAE04EC0-301F-11D3-BF4B-00C04F79EFBC}") = "Fighter Evolution Simulatior", "Fighter Evolution Simulatior\Fighter Evolution Simulatior.csproj", "{6E9774AF-DE2C-4F41-AB03-0B312EE62B29}"
EndProject
Global
	GlobalSection(SolutionConfigurationPlatforms) = preSolution
		Debug|x86 = Debug|x86
		Release|x86 = Release|x86
	EndGlobalSection
	GlobalSection(ProjectConfigurationPlatforms) = postSolution
		{6E9774AF-DE2C-4F41-AB03-0B312EE62B29}.Debug|x86.ActiveCfg = Debug|x86
		{6E9774AF-DE2C-4F41-AB03-0B312EE62B29}.Debug|x86.Build.0 = Debug|x86
		{6E9774AF-DE2C-4F41-AB03-0B312EE62B29}.Release|x86.ActiveCfg = Release|x86
		{6E9774AF-DE2C-4F41-AB03-0B312EE62B29}.Release|x86.Build.0 = Release|x86
	EndGlobalSection
	GlobalSection(SolutionProperties) = preSolution
		HideSolutionNode = FALSE
	EndGlobalSection
	GlobalSection(ExtensibilityGlobals) = postSolution
		SolutionGuid = {E4B5C7C1-8DB1-402E-A4D0-E37D11D2EC2B}
	EndGlobalSection
EndGlobal
